# THIS IS AN AUTOGENERATED FILE. DO NOT EDIT THIS FILE DIRECTLY.
# yarn lockfile v1


"@babel/code-frame@7.12.11":
  version "7.12.11"
  resolved "https://registry.yarnpkg.com/@babel/code-frame/-/code-frame-7.12.11.tgz#f4ad435aa263db935b8f10f2c552d23fb716a63f"
  integrity sha512-Zt1yodBx1UcyiePMSkWnU4hPqhwq7hGi2nFL1LeA3EUl+q2LQx16MISgJ0+z7dnmgvP9QtIleuETGOiOH1RcIw==
  dependencies:
    "@babel/highlight" "^7.10.4"

"@babel/code-frame@^7.0.0", "@babel/code-frame@^7.14.5", "@babel/code-frame@^7.15.8":
  version "7.15.8"
  resolved "https://registry.yarnpkg.com/@babel/code-frame/-/code-frame-7.15.8.tgz#45990c47adadb00c03677baa89221f7cc23d2503"
  integrity sha512-2IAnmn8zbvC/jKYhq5Ki9I+DwjlrtMPUCH/CpHvqI4dNnlwHwsxoIhlc8WcYY5LSYknXQtAlFYuHfqAFCvQ4Wg==
  dependencies:
    "@babel/highlight" "^7.14.5"

"@babel/compat-data@^7.13.11", "@babel/compat-data@^7.15.0":
  version "7.15.0"
  resolved "https://registry.yarnpkg.com/@babel/compat-data/-/compat-data-7.15.0.tgz#2dbaf8b85334796cafbb0f5793a90a2fc010b176"
  integrity sha512-0NqAC1IJE0S0+lL1SWFMxMkz1pKCNCjI4tr2Zx4LJSXxCLAdr6KyArnY+sno5m3yH9g737ygOyPABDsnXkpxiA==

"@babel/core@^7.0.0", "@babel/core@^7.1.0", "@babel/core@^7.1.6", "@babel/core@^7.12.10", "@babel/core@^7.14.0", "@babel/core@^7.7.5":
  version "7.15.8"
  resolved "https://registry